Microsoft Visual Studio Solution File, Format Version 11.00
# Visual Studio 2008

Project("{4558F7FA-8F53-56A8-8A53-347AD89BABDE}") = "Halt", "Assembly-CSharp.csproj", "{F06F9FF0-D356-3E99-CEAE-5141067D2113}"
EndProject
Global
	GlobalSection(SolutionConfigurationPlatforms) = preSolution
		Debug|Any CPU = Debug|Any CPU
		Release|Any CPU = Release|Any CPU
	EndGlobalSection
	GlobalSection(ProjectConfigurationPlatforms) = postSolution
		{F06F9FF0-D356-3E99-CEAE-5141067D2113}.Debug|Any CPU.ActiveCfg = Debug|Any CPU
		{F06F9FF0-D356-3E99-CEAE-5141067D2113}.Debug|Any CPU.Build.0 = Debug|Any CPU
		{F06F9FF0-D356-3E99-CEAE-5141067D2113}.Release|Any CPU.ActiveCfg = Release|Any CPU
		{F06F9FF0-D356-3E99-CEAE-5141067D2113}.Release|Any CPU.Build.0 = Release|Any CPU
	EndGlobalSection
	GlobalSection(SolutionProperties) = preSolution
		HideSolutionNode = FALSE
	EndGlobalSection
	GlobalSection(MonoDevelopProperties) = preSolution
		StartupItem = Assembly-CSharp.csproj
	EndGlobalSection
EndGlobal
